// !$*UTF8*$!
{
	archiveVersion = 1;
	classes = {
	};
	objectVersion = 55;
	objects = {

/* Begin PBXBuildFile section */
		4B3F3AFF28B9E58F008199AC /* Constant.swift in Sources */ = {isa = PBXBuildFile; fileRef = 4B3F3AFE28B9E58F008199AC /* Constant.swift */; };
		4B3F3B0328BA3D21008199AC /* HideKeyboard.swift in Sources */ = {isa = PBXBuildFile; fileRef = 4B3F3B0228BA3D21008199AC /* HideKeyboard.swift */; };
		4B3F3B0528BA4FA6008199AC /* BackGroundImageView.swift in Sources */ = {isa = PBXBuildFile; fileRef = 4B3F3B0428BA4FA6008199AC /* BackGroundImageView.swift */; };
		4B3F3B0828BA5072008199AC /* sound-rise.mp3 in Resources */ = {isa = PBXBuildFile; fileRef = 4B3F3B0728BA5072008199AC /* sound-rise.mp3 */; };
		4B3F3B0A28BA5079008199AC /* sound-tap.mp3 in Resources */ = {isa = PBXBuildFile; fileRef = 4B3F3B0928BA5079008199AC /* sound-tap.mp3 */; };
		4B3F3B0C28BA5080008199AC /* sound-ding.mp3 in Resources */ = {isa = PBXBuildFile; fileRef = 4B3F3B0B28BA5080008199AC /* sound-ding.mp3 */; };
		4B76E41F28B90CF400DA182A /* DevoteApp.swift in Sources */ = {isa = PBXBuildFile; fileRef = 4B76E41E28B90CF400DA182A /* DevoteApp.swift */; };
		4B76E42128B90CF400DA182A /* ContentView.swift in Sources */ = {isa = PBXBuildFile; fileRef = 4B76E42028B90CF400DA182A /* ContentView.swift */; };
		4B76E42328B90CF900DA182A /* Assets.xcassets in Resources */ = {isa = PBXBuildFile; fileRef = 4B76E42228B90CF900DA182A /* Assets.xcassets */; };
		4B76E42628B90CF900DA182A /* Preview Assets.xcassets in Resources */ = {isa = PBXBuildFile; fileRef = 4B76E42528B90CF900DA182A /* Preview Assets.xcassets */; };
		4B76E42828B90CF900DA182A /* Persistence.swift in Sources */ = {isa = PBXBuildFile; fileRef = 4B76E42728B90CF900DA182A /* Persistence.swift */; };
		4B76E42B28B90CF900DA182A /* Devote.xcdatamodeld in Sources */ = {isa = PBXBuildFile; fileRef = 4B76E42928B90CF900DA182A /* Devote.xcdatamodeld */; };
		4B76E43528B90CF900DA182A /* DevoteTests.swift in Sources */ = {isa = PBXBuildFile; fileRef = 4B76E43428B90CF900DA182A /* DevoteTests.swift */; };
		4B76E43F28B90CF900DA182A /* DevoteUITests.swift in Sources */ = {isa = PBXBuildFile; fileRef = 4B76E43E28B90CF900DA182A /* DevoteUITests.swift */; };
		4B76E44128B90CF900DA182A /* DevoteUITestsLaunchTests.swift in Sources */ = {isa = PBXBuildFile; fileRef = 4B76E44028B90CF900DA182A /* DevoteUITestsLaunchTests.swift */; };
		4BFE33AB28BF37C300BFF6B6 /* NewTaskView.swift in Sources */ = {isa = PBXBuildFile; fileRef = 4BFE33AA28BF37C300BFF6B6 /* NewTaskView.swift */; };
		4BFE33AD28BF3E0F00BFF6B6 /* BlankView.swift in Sources */ = {isa = PBXBuildFile; fileRef = 4BFE33AC28BF3E0F00BFF6B6 /* BlankView.swift */; };
/* End PBXBuildFile section */

/* Begin PBXContainerItemProxy section */
		4B76E43128B90CF900DA182A /* PBXContainerItemProxy */ = {
			isa = PBXContainerItemProxy;
			containerPortal = 4B76E41328B90CF400DA182A /* Project object */;
			proxyType = 1;
			remoteGlobalIDString = 4B76E41A28B90CF400DA182A;
			remoteInfo = Devote;
		};
		4B76E43B28B90CF900DA182A /* PBXContainerItemProxy */ = {
			isa = PBXContainerItemProxy;
			containerPortal = 4B76E41328B90CF400DA182A /* Project object */;
			proxyType = 1;
			remoteGlobalIDString = 4B76E41A28B90CF400DA182A;
			remoteInfo = Devote;
		};
/* End PBXContainerItemProxy section */

/* Begin PBXFileReference section */
		4B3F3AFE28B9E58F008199AC /* Constant.swift */ = {isa = PBXFileReference; lastKnownFileType = sourcecode.swift; path = Constant.swift; sourceTree = "<group>"; };
		4B3F3B0028BA164D008199AC /* Info.plist */ = {isa = PBXFileReference; lastKnownFileType = text.plist; path = Info.plist; sourceTree = "<group>"; };
		4B3F3B0228BA3D21008199AC /* HideKeyboard.swift */ = {isa = PBXFileReference; lastKnownFileType = sourcecode.swift; path = HideKeyboard.swift; sourceTree = "<group>"; };
		4B3F3B0428BA4FA6008199AC /* BackGroundImageView.swift */ = {isa = PBXFileReference; lastKnownFileType = sourcecode.swift; path = BackGroundImageView.swift; sourceTree = "<group>"; };
		4B3F3B0728BA5072008199AC /* sound-rise.mp3 */ = {isa = PBXFileReference; lastKnownFileType = audio.mp3; path = "sound-rise.mp3"; sourceTree = "<group>"; };
		4B3F3B0928BA5079008199AC /* sound-tap.mp3 */ = {isa = PBXFileReference; lastKnownFileType = audio.mp3; path = "sound-tap.mp3"; sourceTree = "<group>"; };
		4B3F3B0B28BA5080008199AC /* sound-ding.mp3 */ = {isa = PBXFileReference; lastKnownFileType = audio.mp3; path = "sound-ding.mp3"; sourceTree = "<group>"; };
		4B76E41B28B90CF400DA182A /* Devote.app */ = {isa = PBXFileReference; explicitFileType = wrapper.application; includeInIndex = 0; path = Devote.app; sourceTree = BUILT_PRODUCTS_DIR; };
		4B76E41E28B90CF400DA182A /* DevoteApp.swift */ = {isa = PBXFileReference; lastKnownFileType = sourcecode.swift; path = DevoteApp.swift; sourceTree = "<group>"; };
		4B76E42028B90CF400DA182A /* ContentView.swift */ = {isa = PBXFileReference; lastKnownFileType = sourcecode.swift; path = ContentView.swift; sourceTree = "<group>"; };
		4B76E42228B90CF900DA182A /* Assets.xcassets */ = {isa = PBXFileReference; lastKnownFileType = folder.assetcatalog; path = Assets.xcassets; sourceTree = "<group>"; };
		4B76E42528B90CF900DA182A /* Preview Assets.xcassets */ = {isa = PBXFileReference; lastKnownFileType = folder.assetcatalog; path = "Preview Assets.xcassets"; sourceTree = "<group>"; };
		4B76E42728B90CF900DA182A /* Persistence.swift */ = {isa = PBXFileReference; lastKnownFileType = sourcecode.swift; path = Persistence.swift; sourceTree = "<group>"; };
		4B76E42A28B90CF900DA182A /* Devote.xcdatamodel */ = {isa = PBXFileReference; lastKnownFileType = wrapper.xcdatamodel; path = Devote.xcdatamodel; sourceTree = "<group>"; };
		4B76E43028B90CF900DA182A /* DevoteTests.xctest */ = {isa = PBXFileReference; explicitFileType = wrapper.cfbundle; includeInIndex = 0; path = DevoteTests.xctest; sourceTree = BUILT_PRODUCTS_DIR; };
		4B76E43428B90CF900DA182A /* DevoteTests.swift */ = {isa = PBXFileReference; lastKnownFileType = sourcecode.swift; path = DevoteTests.swift; sourceTree = "<group>"; };
		4B76E43A28B90CF900DA182A /* DevoteUITests.xctest */ = {isa = PBXFileReference; explicitFileType = wrapper.cfbundle; includeInIndex = 0; path = DevoteUITests.xctest; sourceTree = BUILT_PRODUCTS_DIR; };
		4B76E43E28B90CF900DA182A /* DevoteUITests.swift */ = {isa = PBXFileReference; lastKnownFileType = sourcecode.swift; path = DevoteUITests.swift; sourceTree = "<group>"; };
		4B76E44028B90CF900DA182A /* DevoteUITestsLaunchTests.swift */ = {isa = PBXFileReference; lastKnownFileType = sourcecode.swift; path = DevoteUITestsLaunchTests.swift; sourceTree = "<group>"; };
		4BFE33AA28BF37C300BFF6B6 /* NewTaskView.swift */ = {isa = PBXFileReference; lastKnownFileType = sourcecode.swift; path = NewTaskView.swift; sourceTree = "<group>"; };
		4BFE33AC28BF3E0F00BFF6B6 /* BlankView.swift */ = {isa = PBXFileReference; lastKnownFileType = sourcecode.swift; path = BlankView.swift; sourceTree = "<group>"; };
/* End PBXFileReference section */

/* Begin PBXFrameworksBuildPhase section */
		4B76E41828B90CF400DA182A /* Frameworks */ = {
			isa = PBXFrameworksBuildPhase;
			buildActionMask = 2147483647;
			files = (
			);
			runOnlyForDeploymentPostprocessing = 0;
		};
		4B76E42D28B90CF900DA182A /* Frameworks */ = {
			isa = PBXFrameworksBuildPhase;
			buildActionMask = 2147483647;
			files = (
			);
			runOnlyForDeploymentPostprocessing = 0;
		};
		4B76E43728B90CF900DA182A /* Frameworks */ = {
			isa = PBXFrameworksBuildPhase;
			buildActionMask = 2147483647;
			files = (
			);
			runOnlyForDeploymentPostprocessing = 0;
		};
/* End PBXFrameworksBuildPhase section */

/* Begin PBXGroup section */
		4B3F3AF728B9E0C2008199AC /* Model */ = {
			isa = PBXGroup;
			children = (
				4B76E42728B90CF900DA182A /* Persistence.swift */,
				4B76E42928B90CF900DA182A /* Devote.xcdatamodeld */,
			);
			path = Model;
			sourceTree = "<group>";
		};
		4B3F3AF828B9E156008199AC /* View */ = {
			isa = PBXGroup;
			children = (
				4B76E42028B90CF400DA182A /* ContentView.swift */,
				4BFE33AC28BF3E0F00BFF6B6 /* BlankView.swift */,
				4BFE33AA28BF37C300BFF6B6 /* NewTaskView.swift */,
				4B3F3B0428BA4FA6008199AC /* BackGroundImageView.swift */,
			);
			path = View;
			sourceTree = "<group>";
		};
		4B3F3AFD28B9E568008199AC /* Utility */ = {
			isa = PBXGroup;
			children = (
				4B3F3AFE28B9E58F008199AC /* Constant.swift */,
			);
			path = Utility;
			sourceTree = "<group>";
		};
		4B3F3B0128BA3CEF008199AC /* Extension */ = {
			isa = PBXGroup;
			children = (
				4B3F3B0228BA3D21008199AC /* HideKeyboard.swift */,
			);
			path = Extension;
			sourceTree = "<group>";
		};
		4B3F3B0628BA5053008199AC /* SOUNDS */ = {
			isa = PBXGroup;
			children = (
				4B3F3B0728BA5072008199AC /* sound-rise.mp3 */,
				4B3F3B0928BA5079008199AC /* sound-tap.mp3 */,
				4B3F3B0B28BA5080008199AC /* sound-ding.mp3 */,
			);
			path = SOUNDS;
			sourceTree = "<group>";
		};
		4B76E41228B90CF400DA182A = {
			isa = PBXGroup;
			children = (
				4B76E41D28B90CF400DA182A /* Devote */,
				4B76E43328B90CF900DA182A /* DevoteTests */,
				4B76E43D28B90CF900DA182A /* DevoteUITests */,
				4B76E41C28B90CF400DA182A /* Products */,
			);
			sourceTree = "<group>";
		};
		4B76E41C28B90CF400DA182A /* Products */ = {
			isa = PBXGroup;
			children = (
				4B76E41B28B90CF400DA182A /* Devote.app */,
				4B76E43028B90CF900DA182A /* DevoteTests.xctest */,
				4B76E43A28B90CF900DA182A /* DevoteUITests.xctest */,
			);
			name = Products;
			sourceTree = "<group>";
		};
		4B76E41D28B90CF400DA182A /* Devote */ = {
			isa = PBXGroup;
			children = (
				4B3F3B0028BA164D008199AC /* Info.plist */,
				4B76E41E28B90CF400DA182A /* DevoteApp.swift */,
				4B76E42228B90CF900DA182A /* Assets.xcassets */,
				4B3F3AF828B9E156008199AC /* View */,
				4B3F3AFD28B9E568008199AC /* Utility */,
				4B3F3AF728B9E0C2008199AC /* Model */,
				4B3F3B0628BA5053008199AC /* SOUNDS */,
				4B3F3B0128BA3CEF008199AC /* Extension */,
				4B76E42428B90CF900DA182A /* Preview Content */,
			);
			path = Devote;
			sourceTree = "<group>";
		};
		4B76E42428B90CF900DA182A /* Preview Content */ = {
			isa = PBXGroup;
			children = (
				4B76E42528B90CF900DA182A /* Preview Assets.xcassets */,
			);
			path = "Preview Content";
			sourceTree = "<group>";
		};
		4B76E43328B90CF900DA182A /* DevoteTests */ = {
			isa = PBXGroup;
			children = (
				4B76E43428B90CF900DA182A /* DevoteTests.swift */,
			);
			path = DevoteTests;
			sourceTree = "<group>";
		};
		4B76E43D28B90CF900DA182A /* DevoteUITests */ = {
			isa = PBXGroup;
			children = (
				4B76E43E28B90CF900DA182A /* DevoteUITests.swift */,
				4B76E44028B90CF900DA182A /* DevoteUITestsLaunchTests.swift */,
			);
			path = DevoteUITests;
			sourceTree = "<group>";
		};
/* End PBXGroup section */

/* Begin PBXNativeTarget section */
		4B76E41A28B90CF400DA182A /* Devote */ = {
			isa = PBXNativeTarget;
			buildConfigurationList = 4B76E44428B90CF900DA182A /* Build configuration list for PBXNativeTarget "Devote" */;
			buildPhases = (
				4B76E41728B90CF400DA182A /* Sources */,
				4B76E41828B90CF400DA182A /* Frameworks */,
				4B76E41928B90CF400DA182A /* Resources */,
			);
			buildRules = (
			);
			dependencies = (
			);
			name = Devote;
			productName = Devote;
			productReference = 4B76E41B28B90CF400DA182A /* Devote.app */;
			productType = "com.apple.product-type.application";
		};
		4B76E42F28B90CF900DA182A /* DevoteTests */ = {
			isa = PBXNativeTarget;
			buildConfigurationList = 4B76E44728B90CF900DA182A /* Build configuration list for PBXNativeTarget "DevoteTests" */;
			buildPhases = (
				4B76E42C28B90CF900DA182A /* Sources */,
				4B76E42D28B90CF900DA182A /* Frameworks */,
				4B76E42E28B90CF900DA182A /* Resources */,
			);
			buildRules = (
			);
			dependencies = (
				4B76E43228B90CF900DA182A /* PBXTargetDependency */,
			);
			name = DevoteTests;
			productName = DevoteTests;
			productReference = 4B76E43028B90CF900DA182A /* DevoteTests.xctest */;
			productType = "com.apple.product-type.bundle.unit-test";
		};
		4B76E43928B90CF900DA182A /* DevoteUITests */ = {
			isa = PBXNativeTarget;
			buildConfigurationList = 4B76E44A28B90CF900DA182A /* Build configuration list for PBXNativeTarget "DevoteUITests" */;
			buildPhases = (
				4B76E43628B90CF900DA182A /* Sources */,
				4B76E43728B90CF900DA182A /* Frameworks */,
				4B76E43828B90CF900DA182A /* Resources */,
			);
			buildRules = (
			);
			dependencies = (
				4B76E43C28B90CF900DA182A /* PBXTargetDependency */,
			);
			name = DevoteUITests;
			productName = DevoteUITests;
			productReference = 4B76E43A28B90CF900DA182A /* DevoteUITests.xctest */;
			productType = "com.apple.product-type.bundle.ui-testing";
		};
/* End PBXNativeTarget section */

/* Begin PBXProject section */
		4B76E41328B90CF400DA182A /* Project object */ = {
			isa = PBXProject;
			attributes = {
				BuildIndependentTargetsInParallel = 1;
				LastSwiftUpdateCheck = 1340;
				LastUpgradeCheck = 1340;
				TargetAttributes = {
					4B76E41A28B90CF400DA182A = {
						CreatedOnToolsVersion = 13.4.1;
					};
					4B76E42F28B90CF900DA182A = {
						CreatedOnToolsVersion = 13.4.1;
						TestTargetID = 4B76E41A28B90CF400DA182A;
					};
					4B76E43928B90CF900DA182A = {
						CreatedOnToolsVersion = 13.4.1;
						TestTargetID = 4B76E41A28B90CF400DA182A;
					};
				};
			};
			buildConfigurationList = 4B76E41628B90CF400DA182A /* Build configuration list for PBXProject "Devote" */;
			compatibilityVersion = "Xcode 13.0";
			developmentRegion = en;
			hasScannedForEncodings = 0;
			knownRegions = (
				en,
				Base,
			);
			mainGroup = 4B76E41228B90CF400DA182A;
			productRefGroup = 4B76E41C28B90CF400DA182A /* Products */;
			projectDirPath = "";
			projectRoot = "";
			targets = (
				4B76E41A28B90CF400DA182A /* Devote */,
				4B76E42F28B90CF900DA182A /* DevoteTests */,
				4B76E43928B90CF900DA182A /* DevoteUITests */,
			);
		};
/* End PBXProject section */

/* Begin PBXResourcesBuildPhase section */
		4B76E41928B90CF400DA182A /* Resources */ = {
			isa = PBXResourcesBuildPhase;
			buildActionMask = 2147483647;
			files = (
				4B3F3B0C28BA5080008199AC /* sound-ding.mp3 in Resources */,
				4B3F3B0828BA5072008199AC /* sound-rise.mp3 in Resources */,
				4B76E42628B90CF900DA182A /* Preview Assets.xcassets in Resources */,
				4B3F3B0A28BA5079008199AC /* sound-tap.mp3 in Resources */,
				4B76E42328B90CF900DA182A /* Assets.xcassets in Resources */,
			);
			runOnlyForDeploymentPostprocessing = 0;
		};
		4B76E42E28B90CF900DA182A /* Resources */ = {
			isa = PBXResourcesBuildPhase;
			buildActionMask = 2147483647;
			files = (
			);
			runOnlyForDeploymentPostprocessing = 0;
		};
		4B76E43828B90CF900DA182A /* Resources */ = {
			isa = PBXResourcesBuildPhase;
			buildActionMask = 2147483647;
			files = (
			);
			runOnlyForDeploymentPostprocessing = 0;
		};
/* End PBXResourcesBuildPhase section */

/* Begin PBXSourcesBuildPhase section */
		4B76E41728B90CF400DA182A /* Sources */ = {
			isa = PBXSourcesBuildPhase;
			buildActionMask = 2147483647;
			files = (
				4B76E42828B90CF900DA182A /* Persistence.swift in Sources */,
				4BFE33AD28BF3E0F00BFF6B6 /* BlankView.swift in Sources */,
				4B76E42128B90CF400DA182A /* ContentView.swift in Sources */,
				4B3F3AFF28B9E58F008199AC /* Constant.swift in Sources */,
				4B76E42B28B90CF900DA182A /* Devote.xcdatamodeld in Sources */,
				4BFE33AB28BF37C300BFF6B6 /* NewTaskView.swift in Sources */,
				4B3F3B0528BA4FA6008199AC /* BackGroundImageView.swift in Sources */,
				4B3F3B0328BA3D21008199AC /* HideKeyboard.swift in Sources */,
				4B76E41F28B90CF400DA182A /* DevoteApp.swift in Sources */,
			);
			runOnlyForDeploymentPostprocessing = 0;
		};
		4B76E42C28B90CF900DA182A /* Sources */ = {
			isa = PBXSourcesBuildPhase;
			buildActionMask = 2147483647;
			files = (
				4B76E43528B90CF900DA182A /* DevoteTests.swift in Sources */,
			);
			runOnlyForDeploymentPostprocessing = 0;
		};
		4B76E43628B90CF900DA182A /* Sources */ = {
			isa = PBXSourcesBuildPhase;
			buildActionMask = 2147483647;
			files = (
				4B76E43F28B90CF900DA182A /* DevoteUITests.swift in Sources */,
				4B76E44128B90CF900DA182A /* DevoteUITestsLaunchTests.swift in Sources */,
			);
			runOnlyForDeploymentPostprocessing = 0;
		};
/* End PBXSourcesBuildPhase section */

/* Begin PBXTargetDependency section */
		4B76E43228B90CF900DA182A /* PBXTargetDependency */ = {
			isa = PBXTargetDependency;
			target = 4B76E41A28B90CF400DA182A /* Devote */;
			targetProxy = 4B76E43128B90CF900DA182A /* PBXContainerItemProxy */;
		};
		4B76E43C28B90CF900DA182A /* PBXTargetDependency */ = {
			isa = PBXTargetDependency;
			target = 4B76E41A28B90CF400DA182A /* Devote */;
			targetProxy = 4B76E43B28B90CF900DA182A /* PBXContainerItemProxy */;
		};
/* End PBXTargetDependency section */

/* Begin XCBuildConfiguration section */
		4B76E44228B90CF900DA182A /* Debug */ = {
			isa = XCBuildConfiguration;
			buildSettings = {
				ALWAYS_SEARCH_USER_PATHS = NO;
				CLANG_ANALYZER_NONNULL = YES;
				CLANG_ANALYZER_NUMBER_OBJECT_CONVERSION = YES_AGGRESSIVE;
				CLANG_CXX_LANGUAGE_STANDARD = "gnu++17";
				CLANG_ENABLE_MODULES = YES;
				CLANG_ENABLE_OBJC_ARC = YES;
				CLANG_ENABLE_OBJC_WEAK = YES;
				CLANG_WARN_BLOCK_CAPTURE_AUTORELEASING = YES;
				CLANG_WARN_BOOL_CONVERSION = YES;
				CLANG_WARN_COMMA = YES;
				CLANG_WARN_CONSTANT_CONVERSION = YES;
				CLANG_WARN_DEPRECATED_OBJC_IMPLEMENTATIONS = YES;
				CLANG_WARN_DIRECT_OBJC_ISA_USAGE = YES_ERROR;
				CLANG_WARN_DOCUMENTATION_COMMENTS = YES;
				CLANG_WARN_EMPTY_BODY = YES;
				CLANG_WARN_ENUM_CONVERSION = YES;
				CLANG_WARN_INFINITE_RECURSION = YES;
				CLANG_WARN_INT_CONVERSION = YES;
				CLANG_WARN_NON_LITERAL_NULL_CONVERSION = YES;
				CLANG_WARN_OBJC_IMPLICIT_RETAIN_SELF = YES;
				CLANG_WARN_OBJC_LITERAL_CONVERSION = YES;
				CLANG_WARN_OBJC_ROOT_CLASS = YES_ERROR;
				CLANG_WARN_QUOTED_INCLUDE_IN_FRAMEWORK_HEADER = YES;
				CLANG_WARN_RANGE_LOOP_ANALYSIS = YES;
				CLANG_WARN_STRICT_PROTOTYPES = YES;
				CLANG_WARN_SUSPICIOUS_MOVE = YES;
				CLANG_WARN_UNGUARDED_AVAILABILITY = YES_AGGRESSIVE;
				CLANG_WARN_UNREACHABLE_CODE = YES;
				CLANG_WARN__DUPLICATE_METHOD_MATCH = YES;
				COPY_PHASE_STRIP = NO;
				DEBUG_INFORMATION_FORMAT = dwarf;
				ENABLE_STRICT_OBJC_MSGSEND = YES;
				ENABLE_TESTABILITY = YES;
				GCC_C_LANGUAGE_STANDARD = gnu11;
				GCC_DYNAMIC_NO_PIC = NO;
				GCC_NO_COMMON_BLOCKS = YES;
				GCC_OPTIMIZATION_LEVEL = 0;
				GCC_PREPROCESSOR_DEFINITIONS = (
					"DEBUG=1",
					"$(inherited)",
				);
				GCC_WARN_64_TO_32_BIT_CONVERSION = YES;
				GCC_WARN_ABOUT_RETURN_TYPE = YES_ERROR;
				GCC_WARN_UNDECLARED_SELECTOR = YES;
				GCC_WARN_UNINITIALIZED_AUTOS = YES_AGGRESSIVE;
				GCC_WARN_UNUSED_FUNCTION = YES;
				GCC_WARN_UNUSED_VARIABLE = YES;
				IPHONEOS_DEPLOYMENT_TARGET = 15.5;
				MTL_ENABLE_DEBUG_INFO = INCLUDE_SOURCE;
				MTL_FAST_MATH = YES;
				ONLY_ACTIVE_ARCH = YES;
				SDKROOT = iphoneos;
				SWIFT_ACTIVE_COMPILATION_CONDITIONS = DEBUG;
				SWIFT_OPTIMIZATION_LEVEL = "-Onone";
			};
			name = Debug;
		};
		4B76E44328B90CF900DA182A /* Release */ = {
			isa = XCBuildConfiguration;
			buildSettings = {
				ALWAYS_SEARCH_USER_PATHS = NO;
				CLANG_ANALYZER_NONNULL = YES;
				CLANG_ANALYZER_NUMBER_OBJECT_CONVERSION = YES_AGGRESSIVE;
				CLANG_CXX_LANGUAGE_STANDARD = "gnu++17";
				CLANG_ENABLE_MODULES = YES;
				CLANG_ENABLE_OBJC_ARC = YES;
				CLANG_ENABLE_OBJC_WEAK = YES;
				CLANG_WARN_BLOCK_CAPTURE_AUTORELEASING = YES;
				CLANG_WARN_BOOL_CONVERSION = YES;
				CLANG_WARN_COMMA = YES;
				CLANG_WARN_CONSTANT_CONVERSION = YES;
				CLANG_WARN_DEPRECATED_OBJC_IMPLEMENTATIONS = YES;
				CLANG_WARN_DIRECT_OBJC_ISA_USAGE = YES_ERROR;
				CLANG_WARN_DOCUMENTATION_COMMENTS = YES;
				CLANG_WARN_EMPTY_BODY = YES;
				CLANG_WARN_ENUM_CONVERSION = YES;
				CLANG_WARN_INFINITE_RECURSION = YES;
				CLANG_WARN_INT_CONVERSION = YES;
				CLANG_WARN_NON_LITERAL_NULL_CONVERSION = YES;
				CLANG_WARN_OBJC_IMPLICIT_RETAIN_SELF = YES;
				CLANG_WARN_OBJC_LITERAL_CONVERSION = YES;
				CLANG_WARN_OBJC_ROOT_CLASS = YES_ERROR;
				CLANG_WARN_QUOTED_INCLUDE_IN_FRAMEWORK_HEADER = YES;
				CLANG_WARN_RANGE_LOOP_ANALYSIS = YES;
				CLANG_WARN_STRICT_PROTOTYPES = YES;
				CLANG_WARN_SUSPICIOUS_MOVE = YES;
				CLANG_WARN_UNGUARDED_AVAILABILITY = YES_AGGRESSIVE;
				CLANG_WARN_UNREACHABLE_CODE = YES;
				CLANG_WARN__DUPLICATE_METHOD_MATCH = YES;
				COPY_PHASE_STRIP = NO;
				DEBUG_INFORMATION_FORMAT = "dwarf-with-dsym";
				ENABLE_NS_ASSERTIONS = NO;
				ENABLE_STRICT_OBJC_MSGSEND = YES;
				GCC_C_LANGUAGE_STANDARD = gnu11;
				GCC_NO_COMMON_BLOCKS = YES;
				GCC_WARN_64_TO_32_BIT_CONVERSION = YES;
				GCC_WARN_ABOUT_RETURN_TYPE = YES_ERROR;
				GCC_WARN_UNDECLARED_SELECTOR = YES;
				GCC_WARN_UNINITIALIZED_AUTOS = YES_AGGRESSIVE;
				GCC_WARN_UNUSED_FUNCTION = YES;
				GCC_WARN_UNUSED_VARIABLE = YES;
				IPHONEOS_DEPLOYMENT_TARGET = 15.5;
				MTL_ENABLE_DEBUG_INFO = NO;
				MTL_FAST_MATH = YES;
				SDKROOT = iphoneos;
				SWIFT_COMPILATION_MODE = wholemodule;
				SWIFT_OPTIMIZATION_LEVEL = "-O";
				VALIDATE_PRODUCT = YES;
			};
			name = Release;
		};
		4B76E44528B90CF900DA182A /* Debug */ = {
			isa = XCBuildConfiguration;
			buildSettings = {
				ASSETCATALOG_COMPILER_APPICON_NAME = AppIcon;
				ASSETCATALOG_COMPILER_GLOBAL_ACCENT_COLOR_NAME = AccentColor;
				CODE_SIGN_STYLE = Automatic;
				CURRENT_PROJECT_VERSION = 1;
				DEVELOPMENT_ASSET_PATHS = "\"Devote/Preview Content\"";
				DEVELOPMENT_TEAM = Y5DZ85S2CD;
				ENABLE_PREVIEWS = YES;
				GENERATE_INFOPLIST_FILE = YES;
				INFOPLIST_FILE = Devote/Info.plist;
				INFOPLIST_KEY_UIApplicationSceneManifest_Generation = YES;
				INFOPLIST_KEY_UIApplicationSupportsIndirectInputEvents = YES;
				INFOPLIST_KEY_UISupportedInterfaceOrientations_iPad = "UIInterfaceOrientationPortrait UIInterfaceOrientationPortraitUpsideDown UIInterfaceOrientationLandscapeLeft UIInterfaceOrientationLandscapeRight";
				INFOPLIST_KEY_UISupportedInterfaceOrientations_iPhone = "UIInterfaceOrientationPortrait UIInterfaceOrientationLandscapeLeft UIInterfaceOrientationLandscapeRight";
				LD_RUNPATH_SEARCH_PATHS = (
					"$(inherited)",
					"@executable_path/Frameworks",
				);
				MARKETING_VERSION = 1.0;
				PRODUCT_BUNDLE_IDENTIFIER = com.Ren.Devote;
				PRODUCT_NAME = "$(TARGET_NAME)";
				SWIFT_EMIT_LOC_STRINGS = YES;
				SWIFT_VERSION = 5.0;
				TARGETED_DEVICE_FAMILY = 1;
			};
			name = Debug;
		};
		4B76E44628B90CF900DA182A /* Release */ = {
			isa = XCBuildConfiguration;
			buildSettings = {
				ASSETCATALOG_COMPILER_APPICON_NAME = AppIcon;
				ASSETCATALOG_COMPILER_GLOBAL_ACCENT_COLOR_NAME = AccentColor;
				CODE_SIGN_STYLE = Automatic;
				CURRENT_PROJECT_VERSION = 1;
				DEVELOPMENT_ASSET_PATHS = "\"Devote/Preview Content\"";
				DEVELOPMENT_TEAM = Y5DZ85S2CD;
				ENABLE_PREVIEWS = YES;
				GENERATE_INFOPLIST_FILE = YES;
				INFOPLIST_FILE = Devote/Info.plist;
				INFOPLIST_KEY_UIApplicationSceneManifest_Generation = YES;
				INFOPLIST_KEY_UIApplicationSupportsIndirectInputEvents = YES;
				INFOPLIST_KEY_UISupportedInterfaceOrientations_iPad = "UIInterfaceOrientationPortrait UIInterfaceOrientationPortraitUpsideDown UIInterfaceOrientationLandscapeLeft UIInterfaceOrientationLandscapeRight";
				INFOPLIST_KEY_UISupportedInterfaceOrientations_iPhone = "UIInterfaceOrientationPortrait UIInterfaceOrientationLandscapeLeft UIInterfaceOrientationLandscapeRight";
				LD_RUNPATH_SEARCH_PATHS = (
					"$(inherited)",
					"@executable_path/Frameworks",
				);
				MARKETING_VERSION = 1.0;
				PRODUCT_BUNDLE_IDENTIFIER = com.Ren.Devote;
				PRODUCT_NAME = "$(TARGET_NAME)";
				SWIFT_EMIT_LOC_STRINGS = YES;
				SWIFT_VERSION = 5.0;
				TARGETED_DEVICE_FAMILY = 1;
			};
			name = Release;
		};
		4B76E44828B90CF900DA182A /* Debug */ = {
			isa = XCBuildConfiguration;
			buildSettings = {
				ALWAYS_EMBED_SWIFT_STANDARD_LIBRARIES = YES;
				BUNDLE_LOADER = "$(TEST_HOST)";
				CODE_SIGN_STYLE = Automatic;
				CURRENT_PROJECT_VERSION = 1;
				DEVELOPMENT_TEAM = Y5DZ85S2CD;
				GENERATE_INFOPLIST_FILE = YES;
				IPHONEOS_DEPLOYMENT_TARGET = 15.5;
				MARKETING_VERSION = 1.0;
				PRODUCT_BUNDLE_IDENTIFIER = com.Ren.DevoteTests;
				PRODUCT_NAME = "$(TARGET_NAME)";
				SWIFT_EMIT_LOC_STRINGS = NO;
				SWIFT_VERSION = 5.0;
				TARGETED_DEVICE_FAMILY = "1,2";
				TEST_HOST = "$(BUILT_PRODUCTS_DIR)/Devote.app/Devote";
			};
			name = Debug;
		};
		4B76E44928B90CF900DA182A /* Release */ = {
			isa = XCBuildConfiguration;
			buildSettings = {
				ALWAYS_EMBED_SWIFT_STANDARD_LIBRARIES = YES;
				BUNDLE_LOADER = "$(TEST_HOST)";
				CODE_SIGN_STYLE = Automatic;
				CURRENT_PROJECT_VERSION = 1;
				DEVELOPMENT_TEAM = Y5DZ85S2CD;
				GENERATE_INFOPLIST_FILE = YES;
				IPHONEOS_DEPLOYMENT_TARGET = 15.5;
				MARKETING_VERSION = 1.0;
				PRODUCT_BUNDLE_IDENTIFIER = com.Ren.DevoteTests;
				PRODUCT_NAME = "$(TARGET_NAME)";
				SWIFT_EMIT_LOC_STRINGS = NO;
				SWIFT_VERSION = 5.0;
				TARGETED_DEVICE_FAMILY = "1,2";
				TEST_HOST = "$(BUILT_PRODUCTS_DIR)/Devote.app/Devote";
			};
			name = Release;
		};
		4B76E44B28B90CF900DA182A /* Debug */ = {
			isa = XCBuildConfiguration;
			buildSettings = {
				ALWAYS_EMBED_SWIFT_STANDARD_LIBRARIES = YES;
				CODE_SIGN_STYLE = Automatic;
				CURRENT_PROJECT_VERSION = 1;
				DEVELOPMENT_TEAM = Y5DZ85S2CD;
				GENERATE_INFOPLIST_FILE = YES;
				MARKETING_VERSION = 1.0;
				PRODUCT_BUNDLE_IDENTIFIER = com.Ren.DevoteUITests;
				PRODUCT_NAME = "$(TARGET_NAME)";
				SWIFT_EMIT_LOC_STRINGS = NO;
				SWIFT_VERSION = 5.0;
				TARGETED_DEVICE_FAMILY = "1,2";
				TEST_TARGET_NAME = Devote;
			};
			name = Debug;
		};
		4B76E44C28B90CF900DA182A /* Release */ = {
			isa = XCBuildConfiguration;
			buildSettings = {
				ALWAYS_EMBED_SWIFT_STANDARD_LIBRARIES = YES;
				CODE_SIGN_STYLE = Automatic;
				CURRENT_PROJECT_VERSION = 1;
				DEVELOPMENT_TEAM = Y5DZ85S2CD;
				GENERATE_INFOPLIST_FILE = YES;
				MARKETING_VERSION = 1.0;
				PRODUCT_BUNDLE_IDENTIFIER = com.Ren.DevoteUITests;
				PRODUCT_NAME = "$(TARGET_NAME)";
				SWIFT_EMIT_LOC_STRINGS = NO;
				SWIFT_VERSION = 5.0;
				TARGETED_DEVICE_FAMILY = "1,2";
				TEST_TARGET_NAME = Devote;
			};
			name = Release;
		};
/* End XCBuildConfiguration section */

/* Begin XCConfigurationList section */
		4B76E41628B90CF400DA182A /* Build configuration list for PBXProject "Devote" */ = {
			isa = XCConfigurationList;
			buildConfigurations = (
				4B76E44228B90CF900DA182A /* Debug */,
				4B76E44328B90CF900DA182A /* Release */,
			);
			defaultConfigurationIsVisible = 0;
			defaultConfigurationName = Release;
		};
		4B76E44428B90CF900DA182A /* Build configuration list for PBXNativeTarget "Devote" */ = {
			isa = XCConfigurationList;
			buildConfigurations = (
				4B76E44528B90CF900DA182A /* Debug */,
				4B76E44628B90CF900DA182A /* Release */,
			);
			defaultConfigurationIsVisible = 0;
			defaultConfigurationName = Release;
		};
		4B76E44728B90CF900DA182A /* Build configuration list for PBXNativeTarget "DevoteTests" */ = {
			isa = XCConfigurationList;
			buildConfigurations = (
				4B76E44828B90CF900DA182A /* Debug */,
				4B76E44928B90CF900DA182A /* Release */,
			);
			defaultConfigurationIsVisible = 0;
			defaultConfigurationName = Release;
		};
		4B76E44A28B90CF900DA182A /* Build configuration list for PBXNativeTarget "DevoteUITests" */ = {
			isa = XCConfigurationList;
			buildConfigurations = (
				4B76E44B28B90CF900DA182A /* Debug */,
				4B76E44C28B90CF900DA182A /* Release */,
			);
			defaultConfigurationIsVisible = 0;
			defaultConfigurationName = Release;
		};
/* End XCConfigurationList section */

/* Begin XCVersionGroup section */
		4B76E42928B90CF900DA182A /* Devote.xcdatamodeld */ = {
			isa = XCVersionGroup;
			children = (
				4B76E42A28B90CF900DA182A /* Devote.xcdatamodel */,
			);
			currentVersion = 4B76E42A28B90CF900DA182A /* Devote.xcdatamodel */;
			path = Devote.xcdatamodeld;
			sourceTree = "<group>";
			versionGroupType = wrapper.xcdatamodel;
		};
/* End XCVersionGroup section */
	};
	rootObject = 4B76E41328B90CF400DA182A /* Project object */;
}
